{
  "object": {
    "pins": [
      {
        "package": "Termbox",
        "repositoryURL": "https://github.com/dduan/Termbox.git",
        "state": {
          "branch": null,
          "revision": "2b15a89d59d566cce8b63c5a82d3c4b7e24b8adc",
          "version": "1.0.0-alpha.1"
        }
      }
    ]
  },
  "version": 1
}
