{
  "object": {
    "pins": [
      {
        "package": "Termbox",
        "repositoryURL": "https://github.com/dduan/Termbox.git",
        "state": {
          "branch": null,
          "revision": "fec8a2dcae3500bd261e3008feb50991adcfc3dc",
          "version": "1.0.0"
        }
      }
    ]
  },
  "version": 1
}
